
Microsoft Visual Studio Solution File, Format Version 12.00
# Visual Studio Version 17
VisualStudioVersion = 17.11.35327.3
MinimumVisualStudioVersion = 10.0.40219.1
Project("{FAE04EC0-301F-11D3-BF4B-00C04F79EFBC}") = "algoritmo 1158", "algoritmo 1158.csproj", "{5051A77A-2BA0-4E4E-B0D3-59274B8832D5}"
EndProject
Global
	GlobalSection(SolutionConfigurationPlatforms) = preSolution
		Debug|Any CPU = Debug|Any CPU
		Release|Any CPU = Release|Any CPU
	EndGlobalSection
	GlobalSection(ProjectConfigurationPlatforms) = postSolution
		{5051A77A-2BA0-4E4E-B0D3-59274B8832D5}.Debug|Any CPU.ActiveCfg = Debug|Any CPU
		{5051A77A-2BA0-4E4E-B0D3-59274B8832D5}.Debug|Any CPU.Build.0 = Debug|Any CPU
		{5051A77A-2BA0-4E4E-B0D3-59274B8832D5}.Release|Any CPU.ActiveCfg = Release|Any CPU
		{5051A77A-2BA0-4E4E-B0D3-59274B8832D5}.Release|Any CPU.Build.0 = Release|Any CPU
	EndGlobalSection
	GlobalSection(SolutionProperties) = preSolution
		HideSolutionNode = FALSE
	EndGlobalSection
	GlobalSection(ExtensibilityGlobals) = postSolution
		SolutionGuid = {5D1B99A7-5B54-4A03-B506-238F5D04F00E}
	EndGlobalSection
EndGlobal
