
Microsoft Visual Studio Solution File, Format Version 12.00
# Visual Studio Version 17
VisualStudioVersion = 17.11.35327.3
MinimumVisualStudioVersion = 10.0.40219.1
Project("{FAE04EC0-301F-11D3-BF4B-00C04F79EFBC}") = "algoritmo 1149", "algoritmo 1149.csproj", "{70230778-5042-4709-98D8-243FE15031D8}"
EndProject
Global
	GlobalSection(SolutionConfigurationPlatforms) = preSolution
		Debug|Any CPU = Debug|Any CPU
		Release|Any CPU = Release|Any CPU
	EndGlobalSection
	GlobalSection(ProjectConfigurationPlatforms) = postSolution
		{70230778-5042-4709-98D8-243FE15031D8}.Debug|Any CPU.ActiveCfg = Debug|Any CPU
		{70230778-5042-4709-98D8-243FE15031D8}.Debug|Any CPU.Build.0 = Debug|Any CPU
		{70230778-5042-4709-98D8-243FE15031D8}.Release|Any CPU.ActiveCfg = Release|Any CPU
		{70230778-5042-4709-98D8-243FE15031D8}.Release|Any CPU.Build.0 = Release|Any CPU
	EndGlobalSection
	GlobalSection(SolutionProperties) = preSolution
		HideSolutionNode = FALSE
	EndGlobalSection
	GlobalSection(ExtensibilityGlobals) = postSolution
		SolutionGuid = {B665B88D-6A70-418B-A59A-F7D8B716DFC3}
	EndGlobalSection
EndGlobal
