
Microsoft Visual Studio Solution File, Format Version 12.00
# Visual Studio Version 17
VisualStudioVersion = 17.11.35327.3
MinimumVisualStudioVersion = 10.0.40219.1
Project("{FAE04EC0-301F-11D3-BF4B-00C04F79EFBC}") = "algoritmo 1143", "algoritmo 1143.csproj", "{9F687EF4-5AD9-4336-970C-638FCACEA934}"
EndProject
Global
	GlobalSection(SolutionConfigurationPlatforms) = preSolution
		Debug|Any CPU = Debug|Any CPU
		Release|Any CPU = Release|Any CPU
	EndGlobalSection
	GlobalSection(ProjectConfigurationPlatforms) = postSolution
		{9F687EF4-5AD9-4336-970C-638FCACEA934}.Debug|Any CPU.ActiveCfg = Debug|Any CPU
		{9F687EF4-5AD9-4336-970C-638FCACEA934}.Debug|Any CPU.Build.0 = Debug|Any CPU
		{9F687EF4-5AD9-4336-970C-638FCACEA934}.Release|Any CPU.ActiveCfg = Release|Any CPU
		{9F687EF4-5AD9-4336-970C-638FCACEA934}.Release|Any CPU.Build.0 = Release|Any CPU
	EndGlobalSection
	GlobalSection(SolutionProperties) = preSolution
		HideSolutionNode = FALSE
	EndGlobalSection
	GlobalSection(ExtensibilityGlobals) = postSolution
		SolutionGuid = {B6D3813D-05A4-4F82-8B11-AD051FCC1711}
	EndGlobalSection
EndGlobal
