
Microsoft Visual Studio Solution File, Format Version 12.00
# Visual Studio Version 17
VisualStudioVersion = 17.11.35327.3
MinimumVisualStudioVersion = 10.0.40219.1
Project("{FAE04EC0-301F-11D3-BF4B-00C04F79EFBC}") = "algoritmo 1157", "algoritmo 1157.csproj", "{BD630305-D6B2-440D-BD8A-19A2844CAAA4}"
EndProject
Global
	GlobalSection(SolutionConfigurationPlatforms) = preSolution
		Debug|Any CPU = Debug|Any CPU
		Release|Any CPU = Release|Any CPU
	EndGlobalSection
	GlobalSection(ProjectConfigurationPlatforms) = postSolution
		{BD630305-D6B2-440D-BD8A-19A2844CAAA4}.Debug|Any CPU.ActiveCfg = Debug|Any CPU
		{BD630305-D6B2-440D-BD8A-19A2844CAAA4}.Debug|Any CPU.Build.0 = Debug|Any CPU
		{BD630305-D6B2-440D-BD8A-19A2844CAAA4}.Release|Any CPU.ActiveCfg = Release|Any CPU
		{BD630305-D6B2-440D-BD8A-19A2844CAAA4}.Release|Any CPU.Build.0 = Release|Any CPU
	EndGlobalSection
	GlobalSection(SolutionProperties) = preSolution
		HideSolutionNode = FALSE
	EndGlobalSection
	GlobalSection(ExtensibilityGlobals) = postSolution
		SolutionGuid = {04F33F42-F25A-4436-81A9-FC720CAFD623}
	EndGlobalSection
EndGlobal
