
Microsoft Visual Studio Solution File, Format Version 12.00
# Visual Studio Version 17
VisualStudioVersion = 17.11.35327.3
MinimumVisualStudioVersion = 10.0.40219.1
Project("{FAE04EC0-301F-11D3-BF4B-00C04F79EFBC}") = "algoritmo 1133", "algoritmo 1133.csproj", "{C6A4199A-CD19-4EC0-AEC3-ABB61C8A7E20}"
EndProject
Global
	GlobalSection(SolutionConfigurationPlatforms) = preSolution
		Debug|Any CPU = Debug|Any CPU
		Release|Any CPU = Release|Any CPU
	EndGlobalSection
	GlobalSection(ProjectConfigurationPlatforms) = postSolution
		{C6A4199A-CD19-4EC0-AEC3-ABB61C8A7E20}.Debug|Any CPU.ActiveCfg = Debug|Any CPU
		{C6A4199A-CD19-4EC0-AEC3-ABB61C8A7E20}.Debug|Any CPU.Build.0 = Debug|Any CPU
		{C6A4199A-CD19-4EC0-AEC3-ABB61C8A7E20}.Release|Any CPU.ActiveCfg = Release|Any CPU
		{C6A4199A-CD19-4EC0-AEC3-ABB61C8A7E20}.Release|Any CPU.Build.0 = Release|Any CPU
	EndGlobalSection
	GlobalSection(SolutionProperties) = preSolution
		HideSolutionNode = FALSE
	EndGlobalSection
	GlobalSection(ExtensibilityGlobals) = postSolution
		SolutionGuid = {E2CB3472-0E81-49B8-8C5F-4238C0CBC2E8}
	EndGlobalSection
EndGlobal
