
Microsoft Visual Studio Solution File, Format Version 12.00
# Visual Studio Version 17
VisualStudioVersion = 17.11.35327.3
MinimumVisualStudioVersion = 10.0.40219.1
Project("{FAE04EC0-301F-11D3-BF4B-00C04F79EFBC}") = "algoritmo1079", "algoritmo1079.csproj", "{8B131B58-3136-48BB-80C4-0C269E20E997}"
EndProject
Global
	GlobalSection(SolutionConfigurationPlatforms) = preSolution
		Debug|Any CPU = Debug|Any CPU
		Release|Any CPU = Release|Any CPU
	EndGlobalSection
	GlobalSection(ProjectConfigurationPlatforms) = postSolution
		{8B131B58-3136-48BB-80C4-0C269E20E997}.Debug|Any CPU.ActiveCfg = Debug|Any CPU
		{8B131B58-3136-48BB-80C4-0C269E20E997}.Debug|Any CPU.Build.0 = Debug|Any CPU
		{8B131B58-3136-48BB-80C4-0C269E20E997}.Release|Any CPU.ActiveCfg = Release|Any CPU
		{8B131B58-3136-48BB-80C4-0C269E20E997}.Release|Any CPU.Build.0 = Release|Any CPU
	EndGlobalSection
	GlobalSection(SolutionProperties) = preSolution
		HideSolutionNode = FALSE
	EndGlobalSection
	GlobalSection(ExtensibilityGlobals) = postSolution
		SolutionGuid = {722763F7-2EF5-443C-AF5F-B3B9B0BB4586}
	EndGlobalSection
EndGlobal
